
Microsoft Visual Studio Solution File, Format Version 12.00
# Visual Studio Version 16
VisualStudioVersion = 16.0.28711.60
MinimumVisualStudioVersion = 10.0.40219.1
Project("{9A19103F-16F7-4668-BE54-9A1E7A4F7556}") = "WinCred", "WinCred\WinCred.csproj", "{4E4823B4-D2B0-4C55-9B9E-925340A618DD}"
EndProject
Project("{2150E333-8FDC-42A3-9474-1A3956D46DE8}") = "Solution Items", "Solution Items", "{576B8401-A097-43DB-ABFD-AD55ECE998FE}"
	ProjectSection(SolutionItems) = preProject
		.editorconfig = .editorconfig
	EndProjectSection
EndProject
Project("{FAE04EC0-301F-11D3-BF4B-00C04F79EFBC}") = "WinCredTests", "WinCredTests\WinCredTests.csproj", "{82919C2D-FC43-42D7-B0FD-59980670CB6D}"
EndProject
Global
	GlobalSection(SolutionConfigurationPlatforms) = preSolution
		Debug|Any CPU = Debug|Any CPU
		Release|Any CPU = Release|Any CPU
	EndGlobalSection
	GlobalSection(ProjectConfigurationPlatforms) = postSolution
		{4E4823B4-D2B0-4C55-9B9E-925340A618DD}.Debug|Any CPU.ActiveCfg = Debug|Any CPU
		{4E4823B4-D2B0-4C55-9B9E-925340A618DD}.Debug|Any CPU.Build.0 = Debug|Any CPU
		{4E4823B4-D2B0-4C55-9B9E-925340A618DD}.Release|Any CPU.ActiveCfg = Release|Any CPU
		{4E4823B4-D2B0-4C55-9B9E-925340A618DD}.Release|Any CPU.Build.0 = Release|Any CPU
		{82919C2D-FC43-42D7-B0FD-59980670CB6D}.Debug|Any CPU.ActiveCfg = Debug|Any CPU
		{82919C2D-FC43-42D7-B0FD-59980670CB6D}.Debug|Any CPU.Build.0 = Debug|Any CPU
		{82919C2D-FC43-42D7-B0FD-59980670CB6D}.Release|Any CPU.ActiveCfg = Release|Any CPU
		{82919C2D-FC43-42D7-B0FD-59980670CB6D}.Release|Any CPU.Build.0 = Release|Any CPU
	EndGlobalSection
	GlobalSection(SolutionProperties) = preSolution
		HideSolutionNode = FALSE
	EndGlobalSection
	GlobalSection(ExtensibilityGlobals) = postSolution
		SolutionGuid = {DCE3F6F8-B8B2-4F31-8A7D-93B99B527EEE}
	EndGlobalSection
EndGlobal
